#MicroXplorer Configuration settings - do not modify
File.Version=6
KeepUserPlacement=false
Mcu.Family=STM32F4
Mcu.IP0=I2C2
Mcu.IP1=NVIC
Mcu.IP2=RCC
Mcu.IP3=SYS
Mcu.IP4=USB_DEVICE
Mcu.IP5=USB_OTG_FS
Mcu.IPNb=6
Mcu.Name=STM32F411C(C-E)Ux
Mcu.Package=UFQFPN48
Mcu.Pin0=PC13-ANTI_TAMP
Mcu.Pin1=PH0 - OSC_IN
Mcu.Pin10=PA13
Mcu.Pin11=PA14
Mcu.Pin12=PB9
Mcu.Pin13=VP_SYS_VS_Systick
Mcu.Pin14=VP_USB_DEVICE_VS_USB_DEVICE_CDC_FS
Mcu.Pin2=PH1 - OSC_OUT
Mcu.Pin3=PB0
Mcu.Pin4=PB1
Mcu.Pin5=PB2
Mcu.Pin6=PB10
Mcu.Pin7=PA8
Mcu.Pin8=PA11
Mcu.Pin9=PA12
Mcu.PinsNb=15
Mcu.ThirdPartyNb=0
Mcu.UserConstants=
Mcu.UserName=STM32F411CEUx
MxCube.Version=5.4.0
MxDb.Version=DB.5.0.40
NVIC.BusFault_IRQn=true\:0\:0\:false\:false\:true\:false\:false
NVIC.DebugMonitor_IRQn=true\:0\:0\:false\:false\:true\:false\:false
NVIC.EXTI0_IRQn=true\:0\:0\:false\:false\:true\:true\:true
NVIC.EXTI1_IRQn=true\:0\:0\:false\:false\:true\:true\:true
NVIC.EXTI2_IRQn=true\:0\:0\:false\:false\:true\:true\:true
NVIC.ForceEnableDMAVector=true
NVIC.HardFault_IRQn=true\:0\:0\:false\:false\:true\:false\:false
NVIC.MemoryManagement_IRQn=true\:0\:0\:false\:false\:true\:false\:false
NVIC.NonMaskableInt_IRQn=true\:0\:0\:false\:false\:true\:false\:false
NVIC.OTG_FS_IRQn=true\:0\:0\:false\:false\:true\:false\:true
NVIC.PendSV_IRQn=true\:0\:0\:false\:false\:true\:false\:false
NVIC.PriorityGroup=NVIC_PRIORITYGROUP_4
NVIC.SVCall_IRQn=true\:0\:0\:false\:false\:true\:false\:false
NVIC.SysTick_IRQn=true\:0\:0\:false\:false\:true\:false\:true
NVIC.UsageFault_IRQn=true\:0\:0\:false\:false\:true\:false\:false
PA11.Mode=Device_Only
PA11.Signal=USB_OTG_FS_DM
PA12.GPIOParameters=GPIO_PuPd
PA12.GPIO_PuPd=GPIO_NOPULL
PA12.Mode=Device_Only
PA12.Signal=USB_OTG_FS_DP
PA13.Mode=Serial_Wire
PA13.Signal=SYS_JTMS-SWDIO
PA14.Mode=Serial_Wire
PA14.Signal=SYS_JTCK-SWCLK
PA8.Mode=Activate_SOF_FS
PA8.Signal=USB_OTG_FS_SOF
PB0.GPIOParameters=GPIO_Label
PB0.GPIO_Label=PTT
PB0.Signal=GPXTI0
PB1.GPIOParameters=GPIO_Label
PB1.GPIO_Label=KEY_DIT
PB1.Signal=GPXTI1
PB10.Mode=I2C
PB10.Signal=I2C2_SCL
PB2.GPIOParameters=GPIO_Label
PB2.GPIO_Label=KEY_DAH
PB2.Signal=GPXTI2
PB9.Mode=I2C
PB9.Signal=I2C2_SDA
PC13-ANTI_TAMP.GPIOParameters=PinState,GPIO_Label
PC13-ANTI_TAMP.GPIO_Label=TX
PC13-ANTI_TAMP.PinState=GPIO_PIN_SET
PC13-ANTI_TAMP.Signal=GPIO_Output
PCC.Checker=false
PCC.Line=STM32F411
PCC.MCU=STM32F411C(C-E)Ux
PCC.PartNumber=STM32F411CEUx
PCC.Seq0=0
PCC.Series=STM32F4
PCC.Temperature=25
PCC.Vdd=null
PH0\ -\ OSC_IN.Mode=HSE-External-Oscillator
PH0\ -\ OSC_IN.Signal=RCC_OSC_IN
PH1\ -\ OSC_OUT.Mode=HSE-External-Oscillator
PH1\ -\ OSC_OUT.Signal=RCC_OSC_OUT
PinOutPanel.RotationAngle=0
ProjectManager.AskForMigrate=true
ProjectManager.BackupPrevious=false
ProjectManager.CompilerOptimize=6
ProjectManager.ComputerToolchain=false
ProjectManager.CoupleFile=false
ProjectManager.CustomerFirmwarePackage=
ProjectManager.DefaultFWLocation=true
ProjectManager.DeletePrevious=true
ProjectManager.DeviceId=STM32F411CEUx
ProjectManager.FirmwarePackage=STM32Cube FW_F4 V1.24.2
ProjectManager.FreePins=false
ProjectManager.HalAssertFull=false
ProjectManager.HeapSize=0x200
ProjectManager.KeepUserCode=true
ProjectManager.LastFirmware=true
ProjectManager.LibraryCopy=1
ProjectManager.MainLocation=Core/Src
ProjectManager.NoMain=false
ProjectManager.PreviousToolchain=
ProjectManager.ProjectBuild=false
ProjectManager.ProjectFileName=radio-76-cat.ioc
ProjectManager.ProjectName=radio-76-cat
ProjectManager.StackSize=0x400
ProjectManager.TargetToolchain=STM32CubeIDE
ProjectManager.ToolChainLocation=
ProjectManager.UnderRoot=true
ProjectManager.functionlistsort=1-SystemClock_Config-RCC-false-HAL-false,2-MX_GPIO_Init-GPIO-false-HAL-true,3-MX_USB_DEVICE_Init-USB_DEVICE-false-HAL-false
RCC.48MHZClocksFreq_Value=48000000
RCC.AHBFreq_Value=60000000
RCC.APB1CLKDivider=RCC_HCLK_DIV2
RCC.APB1Freq_Value=30000000
RCC.APB1TimFreq_Value=60000000
RCC.APB2Freq_Value=60000000
RCC.APB2TimFreq_Value=60000000
RCC.CortexFreq_Value=60000000
RCC.EthernetFreq_Value=60000000
RCC.FCLKCortexFreq_Value=60000000
RCC.FamilyName=M
RCC.HCLKFreq_Value=60000000
RCC.HSE_VALUE=25000000
RCC.HSI_VALUE=16000000
RCC.I2SClocksFreq_Value=150000000
RCC.IPParameters=48MHZClocksFreq_Value,AHBFreq_Value,APB1CLKDivider,APB1Freq_Value,APB1TimFreq_Value,APB2Freq_Value,APB2TimFreq_Value,CortexFreq_Value,EthernetFreq_Value,FCLKCortexFreq_Value,FamilyName,HCLKFreq_Value,HSE_VALUE,HSI_VALUE,I2SClocksFreq_Value,LSE_VALUE,LSI_VALUE,PLLCLKFreq_Value,PLLM,PLLN,PLLP,PLLQ,PLLQCLKFreq_Value,RTCFreq_Value,RTCHSEDivFreq_Value,SYSCLKFreq_VALUE,SYSCLKSource,VCOI2SOutputFreq_Value,VCOInputFreq_Value,VCOInputMFreq_Value,VCOOutputFreq_Value,VcooutputI2S
RCC.LSE_VALUE=32768
RCC.LSI_VALUE=32000
RCC.PLLCLKFreq_Value=60000000
RCC.PLLM=25
RCC.PLLN=240
RCC.PLLP=RCC_PLLP_DIV4
RCC.PLLQ=5
RCC.PLLQCLKFreq_Value=48000000
RCC.RTCFreq_Value=32000
RCC.RTCHSEDivFreq_Value=12500000
RCC.SYSCLKFreq_VALUE=60000000
RCC.SYSCLKSource=RCC_SYSCLKSOURCE_PLLCLK
RCC.VCOI2SOutputFreq_Value=300000000
RCC.VCOInputFreq_Value=1000000
RCC.VCOInputMFreq_Value=1562500
RCC.VCOOutputFreq_Value=240000000
RCC.VcooutputI2S=150000000
SH.GPXTI0.0=GPIO_EXTI0
SH.GPXTI0.ConfNb=1
SH.GPXTI1.0=GPIO_EXTI1
SH.GPXTI1.ConfNb=1
SH.GPXTI2.0=GPIO_EXTI2
SH.GPXTI2.ConfNb=1
USB_DEVICE.APP_RX_DATA_SIZE=64
USB_DEVICE.APP_TX_DATA_SIZE=64
USB_DEVICE.CLASS_NAME_FS=CDC
USB_DEVICE.CONFIGURATION_STRING_CDC_FS=Radio-76 Config
USB_DEVICE.INTERFACE_STRING_CDC_FS=Radio-76 CAT Interface
USB_DEVICE.IPParameters=VirtualMode,VirtualModeFS,CLASS_NAME_FS,PID_CDC_FS,APP_RX_DATA_SIZE,APP_TX_DATA_SIZE,USBD_MAX_NUM_INTERFACES,PRODUCT_STRING_CDC_FS,CONFIGURATION_STRING_CDC_FS,INTERFACE_STRING_CDC_FS
USB_DEVICE.PID_CDC_FS=22330
USB_DEVICE.PRODUCT_STRING_CDC_FS=Radio-76 TRX
USB_DEVICE.USBD_MAX_NUM_INTERFACES=2
USB_DEVICE.VirtualMode=Cdc
USB_DEVICE.VirtualModeFS=Cdc_FS
USB_OTG_FS.IPParameters=VirtualMode
USB_OTG_FS.VirtualMode=Device_Only
VP_SYS_VS_Systick.Mode=SysTick
VP_SYS_VS_Systick.Signal=SYS_VS_Systick
VP_USB_DEVICE_VS_USB_DEVICE_CDC_FS.Mode=CDC_FS
VP_USB_DEVICE_VS_USB_DEVICE_CDC_FS.Signal=USB_DEVICE_VS_USB_DEVICE_CDC_FS
board=custom
isbadioc=false
